<?xml version="1.0" encoding="utf-8"?>
<Project ToolsVersion="4.0" xmlns="http://schemas.microsoft.com/developer/msbuild/2003">
  <ItemGroup>
    <Filter Include="Resource Files">
      <UniqueIdentifier>{67DA6AB6-F800-4c08-8B7A-83BB121AAD01}</UniqueIdentifier>
      <Extensions>rc;ico;cur;bmp;dlg;rc2;rct;bin;rgs;gif;jpg;jpeg;jpe;resx;tiff;tif;png;wav;mfcribbon-ms</Extensions>
    </Filter>
    <Filter Include="Renderer">
      <UniqueIdentifier>{4fff9d67-902e-453d-a61d-4c0e87c30bab}</UniqueIdentifier>
    </Filter>
    <Filter Include="MFC">
      <UniqueIdentifier>{4fe10254-3d42-4cf6-a69b-c2130fb07e2f}</UniqueIdentifier>
    </Filter>
    <Filter Include="Tool">
      <UniqueIdentifier>{d7f2fe17-cf51-4850-b021-5c88dd261313}</UniqueIdentifier>
    </Filter>
    <Filter Include="SQLITE">
      <UniqueIdentifier>{a006b0b6-46b2-4c4f-808a-ec8fe3e790eb}</UniqueIdentifier>
    </Filter>
    <Filter Include="Tool\Header">
      <UniqueIdentifier>{a414fd75-819a-440c-9a21-4733661eacc3}</UniqueIdentifier>
    </Filter>
    <Filter Include="Tool\Source">
      <UniqueIdentifier>{7d8bb5e6-6178-4e9e-9057-5932e9134df1}</UniqueIdentifier>
    </Filter>
    <Filter Include="Renderer\Header">
      <UniqueIdentifier>{d950adfc-2e32-4d16-ab90-98850ceb8e06}</UniqueIdentifier>
    </Filter>
    <Filter Include="Renderer\Source">
      <UniqueIdentifier>{52e92172-a892-4528-9d0d-c27b826e4851}</UniqueIdentifier>
    </Filter>
    <Filter Include="MFC\Header">
      <UniqueIdentifier>{7f5491e9-3718-4f19-9311-52e9d434c54e}</UniqueIdentifier>
    </Filter>
    <Filter Include="MFC\Source">
      <UniqueIdentifier>{5dcbec6a-713f-455f-a6cc-639582dbd073}</UniqueIdentifier>
    </Filter>
    <Filter Include="Tool\Source\Commands">
      <UniqueIdentifier>{9748315d-be51-4850-af74-03aa78a4435e}</UniqueIdentifier>
    </Filter>
    <Filter Include="Tool\Header\Commands">
      <UniqueIdentifier>{47431896-6371-47ba-908c-5a92bf719b04}</UniqueIdentifier>
    </Filter>
  </ItemGroup>
  <ItemGroup>
    <ClCompile Include="Main.cpp" />
    <ClCompile Include="SQLITE\sqlite3.c">
      <Filter>SQLITE</Filter>
    </ClCompile>
    <ClCompile Include="Tool\ChunkObject.cpp">
      <Filter>Tool\Source</Filter>
    </ClCompile>
    <ClCompile Include="Tool\SceneObject.cpp">
      <Filter>Tool\Source</Filter>
    </ClCompile>
    <ClCompile Include="Tool\ToolMain.cpp">
      <Filter>Tool\Source</Filter>
    </ClCompile>
    <ClCompile Include="Renderer\DeviceResources.cpp">
      <Filter>Renderer\Source</Filter>
    </ClCompile>
    <ClCompile Include="Renderer\DisplayChunk.cpp">
      <Filter>Renderer\Source</Filter>
    </ClCompile>
    <ClCompile Include="Renderer\DisplayObject.cpp">
      <Filter>Renderer\Source</Filter>
    </ClCompile>
    <ClCompile Include="Renderer\Game.cpp">
      <Filter>Renderer\Source</Filter>
    </ClCompile>
    <ClCompile Include="Renderer\pch.cpp">
      <Filter>Renderer\Source</Filter>
    </ClCompile>
    <ClCompile Include="MFC\MFCFrame.cpp">
      <Filter>MFC\Source</Filter>
    </ClCompile>
    <ClCompile Include="MFC\MFCMain.cpp">
      <Filter>MFC\Source</Filter>
    </ClCompile>
    <ClCompile Include="MFC\MFCRenderFrame.cpp">
      <Filter>MFC\Source</Filter>
    </ClCompile>
    <ClCompile Include="MFC\SelectDialogue.cpp">
      <Filter>MFC\Source</Filter>
    </ClCompile>
    <ClCompile Include="Tool\Camera.cpp">
      <Filter>Tool\Source</Filter>
    </ClCompile>
    <ClCompile Include="Tool\Commands\Command.cpp">
      <Filter>Tool\Source\Commands</Filter>
    </ClCompile>
    <ClCompile Include="Tool\Commands\CutCommand.cpp">
      <Filter>Tool\Source\Commands</Filter>
    </ClCompile>
    <ClCompile Include="Tool\Commands\PasteCommand.cpp">
      <Filter>Tool\Source\Commands</Filter>
    </ClCompile>
    <ClCompile Include="Tool\Commands\DeleteCommand.cpp">
      <Filter>Tool\Source\Commands</Filter>
    </ClCompile>
    <ClCompile Include="Tool\Commands\MoveObjectCommand.cpp">
      <Filter>Tool\Source\Commands</Filter>
    </ClCompile>
  </ItemGroup>
  <ItemGroup>
    <ClInclude Include="SQLITE\sqlite3.h">
      <Filter>SQLITE</Filter>
    </ClInclude>
    <ClInclude Include="stdafx.h" />
    <ClInclude Include="Tool\ChunkObject.h">
      <Filter>Tool\Header</Filter>
    </ClInclude>
    <ClInclude Include="Tool\InputCommands.h">
      <Filter>Tool\Header</Filter>
    </ClInclude>
    <ClInclude Include="Tool\SceneObject.h">
      <Filter>Tool\Header</Filter>
    </ClInclude>
    <ClInclude Include="Tool\ToolMain.h">
      <Filter>Tool\Header</Filter>
    </ClInclude>
    <ClInclude Include="Renderer\DeviceResources.h">
      <Filter>Renderer\Header</Filter>
    </ClInclude>
    <ClInclude Include="Renderer\DisplayChunk.h">
      <Filter>Renderer\Header</Filter>
    </ClInclude>
    <ClInclude Include="Renderer\DisplayObject.h">
      <Filter>Renderer\Header</Filter>
    </ClInclude>
    <ClInclude Include="Renderer\Game.h">
      <Filter>Renderer\Header</Filter>
    </ClInclude>
    <ClInclude Include="Renderer\pch.h">
      <Filter>Renderer\Header</Filter>
    </ClInclude>
    <ClInclude Include="Renderer\StepTimer.h">
      <Filter>Renderer\Header</Filter>
    </ClInclude>
    <ClInclude Include="MFC\MFCFrame.h">
      <Filter>MFC\Header</Filter>
    </ClInclude>
    <ClInclude Include="MFC\MFCMain.h">
      <Filter>MFC\Header</Filter>
    </ClInclude>
    <ClInclude Include="MFC\MFCRenderFrame.h">
      <Filter>MFC\Header</Filter>
    </ClInclude>
    <ClInclude Include="MFC\SelectDialogue.h">
      <Filter>MFC\Header</Filter>
    </ClInclude>
    <ClInclude Include="Tool\Camera.h">
      <Filter>Tool\Header</Filter>
    </ClInclude>
    <ClInclude Include="Resources\resource.h">
      <Filter>Resource Files</Filter>
    </ClInclude>
    <ClInclude Include="Tool\Commands\Command.h">
      <Filter>Tool\Header\Commands</Filter>
    </ClInclude>
    <ClInclude Include="Tool\Commands\CutCommand.h">
      <Filter>Tool\Header\Commands</Filter>
    </ClInclude>
    <ClInclude Include="Tool\Commands\PasteCommand.h">
      <Filter>Tool\Header\Commands</Filter>
    </ClInclude>
    <ClInclude Include="Tool\Commands\DeleteCommand.h">
      <Filter>Tool\Header\Commands</Filter>
    </ClInclude>
    <ClInclude Include="Tool\Commands\MoveObjectCommand.h">
      <Filter>Tool\Header\Commands</Filter>
    </ClInclude>
    <ClInclude Include="resource.h" />
  </ItemGroup>
  <ItemGroup>
    <None Include="packages.config" />
  </ItemGroup>
  <ItemGroup>
    <ResourceCompile Include="Win32SimpleSample.rc">
      <Filter>Resource Files</Filter>
    </ResourceCompile>
  </ItemGroup>
  <ItemGroup>
    <Image Include="Resources\toolbarsave.bmp">
      <Filter>Resource Files</Filter>
    </Image>
  </ItemGroup>
  <ItemGroup>
    <Media Include="database\data\Scene1.fbx" />
  </ItemGroup>
</Project>